
Microsoft Visual Studio Solution File, Format Version 12.00
# Visual Studio Version 17
VisualStudioVersion = 17.11.35327.3
MinimumVisualStudioVersion = 10.0.40219.1
Project("{FAE04EC0-301F-11D3-BF4B-00C04F79EFBC}") = "KEP", "KEP\KEP.csproj", "{EFDDEB66-EC6B-4590-BE92-19ED24A9D4B4}"
EndProject
Project("{2150E333-8FDC-42A3-9474-1A3956D46DE8}") = "Solution Items", "Solution Items", "{7A59CE93-3D8F-4DB1-8EC9-5720741E3B73}"
	ProjectSection(SolutionItems) = preProject
		.gitignore = .gitignore
	EndProjectSection
EndProject
Global
	GlobalSection(SolutionConfigurationPlatforms) = preSolution
		Debug|Any CPU = Debug|Any CPU
		Release|Any CPU = Release|Any CPU
	EndGlobalSection
	GlobalSection(ProjectConfigurationPlatforms) = postSolution
		{EFDDEB66-EC6B-4590-BE92-19ED24A9D4B4}.Debug|Any CPU.ActiveCfg = Debug|Any CPU
		{EFDDEB66-EC6B-4590-BE92-19ED24A9D4B4}.Debug|Any CPU.Build.0 = Debug|Any CPU
		{EFDDEB66-EC6B-4590-BE92-19ED24A9D4B4}.Release|Any CPU.ActiveCfg = Release|Any CPU
		{EFDDEB66-EC6B-4590-BE92-19ED24A9D4B4}.Release|Any CPU.Build.0 = Release|Any CPU
	EndGlobalSection
	GlobalSection(SolutionProperties) = preSolution
		HideSolutionNode = FALSE
	EndGlobalSection
	GlobalSection(ExtensibilityGlobals) = postSolution
		SolutionGuid = {A4A18EEB-7DD6-41A0-9689-DE379D56EC57}
	EndGlobalSection
EndGlobal
